
Microsoft Visual Studio Solution File, Format Version 12.00
# Visual Studio 15
VisualStudioVersion = 15.0.28307.106
MinimumVisualStudioVersion = 10.0.40219.1
Project("{FAE04EC0-301F-11D3-BF4B-00C04F79EFBC}") = "LGQ_Admin_Net", "LGQ_Admin_Net\LGQ_Admin_Net.csproj", "{B266EB08-17C7-4DF7-9BC2-C6922D28C793}"
EndProject
Project("{2150E333-8FDC-42A3-9474-1A3956D46DE8}") = "快速开发后台", "快速开发后台", "{4F0F9D55-70EF-4F8C-B067-44A10A13A130}"
EndProject
Project("{2150E333-8FDC-42A3-9474-1A3956D46DE8}") = "云接口", "云接口", "{22448EFB-1FA3-467B-8FE6-8AB34489F16A}"
EndProject
Project("{FAE04EC0-301F-11D3-BF4B-00C04F79EFBC}") = "01.Coldairarrow.Util", "LGQ_Admin\Coldairarrow.Util\01.Coldairarrow.Util.csproj", "{7095B12B-7FF2-4B6B-8C6C-654197EDAA34}"
EndProject
Project("{FAE04EC0-301F-11D3-BF4B-00C04F79EFBC}") = "02.Coldairarrow.DataRepository", "LGQ_Admin\Coldairarrow.DataRepository\02.Coldairarrow.DataRepository.csproj", "{01C93A6B-76C5-4B10-B8B9-2F173B5F9441}"
EndProject
Project("{FAE04EC0-301F-11D3-BF4B-00C04F79EFBC}") = "03.Coldairarrow.Entity", "LGQ_Admin\Coldairarrow.Entity\03.Coldairarrow.Entity.csproj", "{544FE3EA-46F2-45F7-9574-D4FEA111A9C1}"
EndProject
Project("{FAE04EC0-301F-11D3-BF4B-00C04F79EFBC}") = "04.Coldairarrow.Business", "LGQ_Admin\Coldairarrow.Business\04.Coldairarrow.Business.csproj", "{62858A89-DA3C-4658-8219-580780D435C9}"
EndProject
Project("{FAE04EC0-301F-11D3-BF4B-00C04F79EFBC}") = "05.Coldairarrow.Web", "LGQ_Admin\Coldairarrow.Web\05.Coldairarrow.Web.csproj", "{3CD25499-8291-48BB-9A24-D99BC1675A0D}"
EndProject
Project("{FAE04EC0-301F-11D3-BF4B-00C04F79EFBC}") = "TaoBaoKe.Api", "TaoBaoke\TaoBaoke\TaoBaoKe.Api.csproj", "{A19615AA-CF43-4D39-B81B-184C1ABE532D}"
EndProject
Project("{FAE04EC0-301F-11D3-BF4B-00C04F79EFBC}") = "TaoBaoKe.Tests", "TaoBaoke\TaoBaoke.Tests\TaoBaoKe.Tests.csproj", "{0F54A15B-C6AC-4368-A229-3A95162B350D}"
EndProject
Project("{FAE04EC0-301F-11D3-BF4B-00C04F79EFBC}") = "TaoBaoKe.Service", "TaoBaoke\TaoBaoKe.Service\TaoBaoKe.Service.csproj", "{4EC8CC24-5C5F-4C8F-AAB7-F28DF4301B32}"
EndProject
Project("{FAE04EC0-301F-11D3-BF4B-00C04F79EFBC}") = "TaoBaoKe.Dal", "TaoBaoke\TaoBaoKe.Dal\TaoBaoKe.Dal.csproj", "{4526189B-1C74-4D71-B08D-3F5009E916DF}"
EndProject
Project("{FAE04EC0-301F-11D3-BF4B-00C04F79EFBC}") = "TaoBaoKe.Model", "TaoBaoke\TaoBaoKe.Model\TaoBaoKe.Model.csproj", "{F05C2E52-C00C-4CCC-9A00-0EC7680E1229}"
EndProject
Project("{FAE04EC0-301F-11D3-BF4B-00C04F79EFBC}") = "TaoBaoKe.Entity", "TaoBaoke\TaoBaoKe.Entity\TaoBaoKe.Entity.csproj", "{0135F703-7806-4758-963F-9049762BF98E}"
EndProject
Project("{FAE04EC0-301F-11D3-BF4B-00C04F79EFBC}") = "TaoBaoKe.Common", "TaoBaoke\TaoBaoKe.Common\TaoBaoKe.Common.csproj", "{702BC38C-050A-4F61-BF75-7F3B941BAFBF}"
EndProject
Project("{FAE04EC0-301F-11D3-BF4B-00C04F79EFBC}") = "TaoBaoKe.Web", "TaoBaoke\TaoBaoKe.Web\TaoBaoKe.Web.csproj", "{7A408923-DE10-4A79-85AE-C54BC464C049}"
EndProject
Project("{2150E333-8FDC-42A3-9474-1A3956D46DE8}") = "WebApi.Core", "WebApi.Core", "{97ADBEE7-759B-4372-95B9-89C7C1DFA5CD}"
EndProject
Project("{9A19103F-16F7-4668-BE54-9A1E7A4F7556}") = "LgqWebApi", "LgqWebApi\LgqWebApi\LgqWebApi\LgqWebApi.csproj", "{89B7E0AF-A161-48C1-A145-6C9E80A8B898}"
EndProject
Project("{9A19103F-16F7-4668-BE54-9A1E7A4F7556}") = "LgqWebApi.Common", "LgqWebApi\LgqWebApi\LgqWebApi.Common\LgqWebApi.Common.csproj", "{373A6970-8262-474B-A3D4-1381F6AE2638}"
EndProject
Project("{9A19103F-16F7-4668-BE54-9A1E7A4F7556}") = "LgqWebApi.Dao", "LgqWebApi\LgqWebApi\LgqWebApi.Dao\LgqWebApi.Dao.csproj", "{71CADA50-DD16-41F3-9C21-503B0CB4D30F}"
EndProject
Project("{9A19103F-16F7-4668-BE54-9A1E7A4F7556}") = "LgqWebApi.Entity", "LgqWebApi\LgqWebApi\LgqWebApi.Entity\LgqWebApi.Entity.csproj", "{FF08A22C-8029-4216-88E5-AB7241DCE146}"
EndProject
Project("{9A19103F-16F7-4668-BE54-9A1E7A4F7556}") = "LgqWebApi.Services", "LgqWebApi\LgqWebApi\LgqWebApi.Services\LgqWebApi.Services.csproj", "{9045B401-5225-4B86-B56A-939F0939A2AA}"
EndProject
Global
	GlobalSection(SolutionConfigurationPlatforms) = preSolution
		Debug|Any CPU = Debug|Any CPU
		Debug|x64 = Debug|x64
		Debug|x86 = Debug|x86
		Release|Any CPU = Release|Any CPU
		Release|x64 = Release|x64
		Release|x86 = Release|x86
	EndGlobalSection
	GlobalSection(ProjectConfigurationPlatforms) = postSolution
		{B266EB08-17C7-4DF7-9BC2-C6922D28C793}.Debug|Any CPU.ActiveCfg = Debug|Any CPU
		{B266EB08-17C7-4DF7-9BC2-C6922D28C793}.Debug|Any CPU.Build.0 = Debug|Any CPU
		{B266EB08-17C7-4DF7-9BC2-C6922D28C793}.Debug|x64.ActiveCfg = Debug|Any CPU
		{B266EB08-17C7-4DF7-9BC2-C6922D28C793}.Debug|x64.Build.0 = Debug|Any CPU
		{B266EB08-17C7-4DF7-9BC2-C6922D28C793}.Debug|x86.ActiveCfg = Debug|Any CPU
		{B266EB08-17C7-4DF7-9BC2-C6922D28C793}.Debug|x86.Build.0 = Debug|Any CPU
		{B266EB08-17C7-4DF7-9BC2-C6922D28C793}.Release|Any CPU.ActiveCfg = Release|Any CPU
		{B266EB08-17C7-4DF7-9BC2-C6922D28C793}.Release|Any CPU.Build.0 = Release|Any CPU
		{B266EB08-17C7-4DF7-9BC2-C6922D28C793}.Release|x64.ActiveCfg = Release|Any CPU
		{B266EB08-17C7-4DF7-9BC2-C6922D28C793}.Release|x64.Build.0 = Release|Any CPU
		{B266EB08-17C7-4DF7-9BC2-C6922D28C793}.Release|x86.ActiveCfg = Release|Any CPU
		{B266EB08-17C7-4DF7-9BC2-C6922D28C793}.Release|x86.Build.0 = Release|Any CPU
		{7095B12B-7FF2-4B6B-8C6C-654197EDAA34}.Debug|Any CPU.ActiveCfg = Debug|Any CPU
		{7095B12B-7FF2-4B6B-8C6C-654197EDAA34}.Debug|Any CPU.Build.0 = Debug|Any CPU
		{7095B12B-7FF2-4B6B-8C6C-654197EDAA34}.Debug|x64.ActiveCfg = Debug|Any CPU
		{7095B12B-7FF2-4B6B-8C6C-654197EDAA34}.Debug|x64.Build.0 = Debug|Any CPU
		{7095B12B-7FF2-4B6B-8C6C-654197EDAA34}.Debug|x86.ActiveCfg = Debug|Any CPU
		{7095B12B-7FF2-4B6B-8C6C-654197EDAA34}.Debug|x86.Build.0 = Debug|Any CPU
		{7095B12B-7FF2-4B6B-8C6C-654197EDAA34}.Release|Any CPU.ActiveCfg = Release|Any CPU
		{7095B12B-7FF2-4B6B-8C6C-654197EDAA34}.Release|Any CPU.Build.0 = Release|Any CPU
		{7095B12B-7FF2-4B6B-8C6C-654197EDAA34}.Release|x64.ActiveCfg = Release|Any CPU
		{7095B12B-7FF2-4B6B-8C6C-654197EDAA34}.Release|x64.Build.0 = Release|Any CPU
		{7095B12B-7FF2-4B6B-8C6C-654197EDAA34}.Release|x86.ActiveCfg = Release|Any CPU
		{7095B12B-7FF2-4B6B-8C6C-654197EDAA34}.Release|x86.Build.0 = Release|Any CPU
		{01C93A6B-76C5-4B10-B8B9-2F173B5F9441}.Debug|Any CPU.ActiveCfg = Debug|Any CPU
		{01C93A6B-76C5-4B10-B8B9-2F173B5F9441}.Debug|Any CPU.Build.0 = Debug|Any CPU
		{01C93A6B-76C5-4B10-B8B9-2F173B5F9441}.Debug|x64.ActiveCfg = Debug|Any CPU
		{01C93A6B-76C5-4B10-B8B9-2F173B5F9441}.Debug|x64.Build.0 = Debug|Any CPU
		{01C93A6B-76C5-4B10-B8B9-2F173B5F9441}.Debug|x86.ActiveCfg = Debug|Any CPU
		{01C93A6B-76C5-4B10-B8B9-2F173B5F9441}.Debug|x86.Build.0 = Debug|Any CPU
		{01C93A6B-76C5-4B10-B8B9-2F173B5F9441}.Release|Any CPU.ActiveCfg = Release|Any CPU
		{01C93A6B-76C5-4B10-B8B9-2F173B5F9441}.Release|Any CPU.Build.0 = Release|Any CPU
		{01C93A6B-76C5-4B10-B8B9-2F173B5F9441}.Release|x64.ActiveCfg = Release|Any CPU
		{01C93A6B-76C5-4B10-B8B9-2F173B5F9441}.Release|x64.Build.0 = Release|Any CPU
		{01C93A6B-76C5-4B10-B8B9-2F173B5F9441}.Release|x86.ActiveCfg = Release|Any CPU
		{01C93A6B-76C5-4B10-B8B9-2F173B5F9441}.Release|x86.Build.0 = Release|Any CPU
		{544FE3EA-46F2-45F7-9574-D4FEA111A9C1}.Debug|Any CPU.ActiveCfg = Debug|Any CPU
		{544FE3EA-46F2-45F7-9574-D4FEA111A9C1}.Debug|Any CPU.Build.0 = Debug|Any CPU
		{544FE3EA-46F2-45F7-9574-D4FEA111A9C1}.Debug|x64.ActiveCfg = Debug|Any CPU
		{544FE3EA-46F2-45F7-9574-D4FEA111A9C1}.Debug|x64.Build.0 = Debug|Any CPU
		{544FE3EA-46F2-45F7-9574-D4FEA111A9C1}.Debug|x86.ActiveCfg = Debug|Any CPU
		{544FE3EA-46F2-45F7-9574-D4FEA111A9C1}.Debug|x86.Build.0 = Debug|Any CPU
		{544FE3EA-46F2-45F7-9574-D4FEA111A9C1}.Release|Any CPU.ActiveCfg = Release|Any CPU
		{544FE3EA-46F2-45F7-9574-D4FEA111A9C1}.Release|Any CPU.Build.0 = Release|Any CPU
		{544FE3EA-46F2-45F7-9574-D4FEA111A9C1}.Release|x64.ActiveCfg = Release|Any CPU
		{544FE3EA-46F2-45F7-9574-D4FEA111A9C1}.Release|x64.Build.0 = Release|Any CPU
		{544FE3EA-46F2-45F7-9574-D4FEA111A9C1}.Release|x86.ActiveCfg = Release|Any CPU
		{544FE3EA-46F2-45F7-9574-D4FEA111A9C1}.Release|x86.Build.0 = Release|Any CPU
		{62858A89-DA3C-4658-8219-580780D435C9}.Debug|Any CPU.ActiveCfg = Debug|Any CPU
		{62858A89-DA3C-4658-8219-580780D435C9}.Debug|Any CPU.Build.0 = Debug|Any CPU
		{62858A89-DA3C-4658-8219-580780D435C9}.Debug|x64.ActiveCfg = Debug|Any CPU
		{62858A89-DA3C-4658-8219-580780D435C9}.Debug|x64.Build.0 = Debug|Any CPU
		{62858A89-DA3C-4658-8219-580780D435C9}.Debug|x86.ActiveCfg = Debug|Any CPU
		{62858A89-DA3C-4658-8219-580780D435C9}.Debug|x86.Build.0 = Debug|Any CPU
		{62858A89-DA3C-4658-8219-580780D435C9}.Release|Any CPU.ActiveCfg = Release|Any CPU
		{62858A89-DA3C-4658-8219-580780D435C9}.Release|Any CPU.Build.0 = Release|Any CPU
		{62858A89-DA3C-4658-8219-580780D435C9}.Release|x64.ActiveCfg = Release|Any CPU
		{62858A89-DA3C-4658-8219-580780D435C9}.Release|x64.Build.0 = Release|Any CPU
		{62858A89-DA3C-4658-8219-580780D435C9}.Release|x86.ActiveCfg = Release|Any CPU
		{62858A89-DA3C-4658-8219-580780D435C9}.Release|x86.Build.0 = Release|Any CPU
		{3CD25499-8291-48BB-9A24-D99BC1675A0D}.Debug|Any CPU.ActiveCfg = Debug|Any CPU
		{3CD25499-8291-48BB-9A24-D99BC1675A0D}.Debug|Any CPU.Build.0 = Debug|Any CPU
		{3CD25499-8291-48BB-9A24-D99BC1675A0D}.Debug|x64.ActiveCfg = Debug|Any CPU
		{3CD25499-8291-48BB-9A24-D99BC1675A0D}.Debug|x64.Build.0 = Debug|Any CPU
		{3CD25499-8291-48BB-9A24-D99BC1675A0D}.Debug|x86.ActiveCfg = Debug|Any CPU
		{3CD25499-8291-48BB-9A24-D99BC1675A0D}.Debug|x86.Build.0 = Debug|Any CPU
		{3CD25499-8291-48BB-9A24-D99BC1675A0D}.Release|Any CPU.ActiveCfg = Release|Any CPU
		{3CD25499-8291-48BB-9A24-D99BC1675A0D}.Release|Any CPU.Build.0 = Release|Any CPU
		{3CD25499-8291-48BB-9A24-D99BC1675A0D}.Release|x64.ActiveCfg = Release|Any CPU
		{3CD25499-8291-48BB-9A24-D99BC1675A0D}.Release|x64.Build.0 = Release|Any CPU
		{3CD25499-8291-48BB-9A24-D99BC1675A0D}.Release|x86.ActiveCfg = Release|Any CPU
		{3CD25499-8291-48BB-9A24-D99BC1675A0D}.Release|x86.Build.0 = Release|Any CPU
		{A19615AA-CF43-4D39-B81B-184C1ABE532D}.Debug|Any CPU.ActiveCfg = Debug|Any CPU
		{A19615AA-CF43-4D39-B81B-184C1ABE532D}.Debug|Any CPU.Build.0 = Debug|Any CPU
		{A19615AA-CF43-4D39-B81B-184C1ABE532D}.Debug|x64.ActiveCfg = Debug|Any CPU
		{A19615AA-CF43-4D39-B81B-184C1ABE532D}.Debug|x64.Build.0 = Debug|Any CPU
		{A19615AA-CF43-4D39-B81B-184C1ABE532D}.Debug|x86.ActiveCfg = Debug|Any CPU
		{A19615AA-CF43-4D39-B81B-184C1ABE532D}.Debug|x86.Build.0 = Debug|Any CPU
		{A19615AA-CF43-4D39-B81B-184C1ABE532D}.Release|Any CPU.ActiveCfg = Release|Any CPU
		{A19615AA-CF43-4D39-B81B-184C1ABE532D}.Release|Any CPU.Build.0 = Release|Any CPU
		{A19615AA-CF43-4D39-B81B-184C1ABE532D}.Release|x64.ActiveCfg = Release|Any CPU
		{A19615AA-CF43-4D39-B81B-184C1ABE532D}.Release|x64.Build.0 = Release|Any CPU
		{A19615AA-CF43-4D39-B81B-184C1ABE532D}.Release|x86.ActiveCfg = Release|Any CPU
		{A19615AA-CF43-4D39-B81B-184C1ABE532D}.Release|x86.Build.0 = Release|Any CPU
		{0F54A15B-C6AC-4368-A229-3A95162B350D}.Debug|Any CPU.ActiveCfg = Debug|Any CPU
		{0F54A15B-C6AC-4368-A229-3A95162B350D}.Debug|Any CPU.Build.0 = Debug|Any CPU
		{0F54A15B-C6AC-4368-A229-3A95162B350D}.Debug|x64.ActiveCfg = Debug|Any CPU
		{0F54A15B-C6AC-4368-A229-3A95162B350D}.Debug|x64.Build.0 = Debug|Any CPU
		{0F54A15B-C6AC-4368-A229-3A95162B350D}.Debug|x86.ActiveCfg = Debug|Any CPU
		{0F54A15B-C6AC-4368-A229-3A95162B350D}.Debug|x86.Build.0 = Debug|Any CPU
		{0F54A15B-C6AC-4368-A229-3A95162B350D}.Release|Any CPU.ActiveCfg = Release|Any CPU
		{0F54A15B-C6AC-4368-A229-3A95162B350D}.Release|Any CPU.Build.0 = Release|Any CPU
		{0F54A15B-C6AC-4368-A229-3A95162B350D}.Release|x64.ActiveCfg = Release|Any CPU
		{0F54A15B-C6AC-4368-A229-3A95162B350D}.Release|x64.Build.0 = Release|Any CPU
		{0F54A15B-C6AC-4368-A229-3A95162B350D}.Release|x86.ActiveCfg = Release|Any CPU
		{0F54A15B-C6AC-4368-A229-3A95162B350D}.Release|x86.Build.0 = Release|Any CPU
		{4EC8CC24-5C5F-4C8F-AAB7-F28DF4301B32}.Debug|Any CPU.ActiveCfg = Debug|Any CPU
		{4EC8CC24-5C5F-4C8F-AAB7-F28DF4301B32}.Debug|Any CPU.Build.0 = Debug|Any CPU
		{4EC8CC24-5C5F-4C8F-AAB7-F28DF4301B32}.Debug|x64.ActiveCfg = Debug|Any CPU
		{4EC8CC24-5C5F-4C8F-AAB7-F28DF4301B32}.Debug|x64.Build.0 = Debug|Any CPU
		{4EC8CC24-5C5F-4C8F-AAB7-F28DF4301B32}.Debug|x86.ActiveCfg = Debug|Any CPU
		{4EC8CC24-5C5F-4C8F-AAB7-F28DF4301B32}.Debug|x86.Build.0 = Debug|Any CPU
		{4EC8CC24-5C5F-4C8F-AAB7-F28DF4301B32}.Release|Any CPU.ActiveCfg = Release|Any CPU
		{4EC8CC24-5C5F-4C8F-AAB7-F28DF4301B32}.Release|Any CPU.Build.0 = Release|Any CPU
		{4EC8CC24-5C5F-4C8F-AAB7-F28DF4301B32}.Release|x64.ActiveCfg = Release|Any CPU
		{4EC8CC24-5C5F-4C8F-AAB7-F28DF4301B32}.Release|x64.Build.0 = Release|Any CPU
		{4EC8CC24-5C5F-4C8F-AAB7-F28DF4301B32}.Release|x86.ActiveCfg = Release|Any CPU
		{4EC8CC24-5C5F-4C8F-AAB7-F28DF4301B32}.Release|x86.Build.0 = Release|Any CPU
		{4526189B-1C74-4D71-B08D-3F5009E916DF}.Debug|Any CPU.ActiveCfg = Debug|Any CPU
		{4526189B-1C74-4D71-B08D-3F5009E916DF}.Debug|Any CPU.Build.0 = Debug|Any CPU
		{4526189B-1C74-4D71-B08D-3F5009E916DF}.Debug|x64.ActiveCfg = Debug|Any CPU
		{4526189B-1C74-4D71-B08D-3F5009E916DF}.Debug|x64.Build.0 = Debug|Any CPU
		{4526189B-1C74-4D71-B08D-3F5009E916DF}.Debug|x86.ActiveCfg = Debug|Any CPU
		{4526189B-1C74-4D71-B08D-3F5009E916DF}.Debug|x86.Build.0 = Debug|Any CPU
		{4526189B-1C74-4D71-B08D-3F5009E916DF}.Release|Any CPU.ActiveCfg = Release|Any CPU
		{4526189B-1C74-4D71-B08D-3F5009E916DF}.Release|Any CPU.Build.0 = Release|Any CPU
		{4526189B-1C74-4D71-B08D-3F5009E916DF}.Release|x64.ActiveCfg = Release|Any CPU
		{4526189B-1C74-4D71-B08D-3F5009E916DF}.Release|x64.Build.0 = Release|Any CPU
		{4526189B-1C74-4D71-B08D-3F5009E916DF}.Release|x86.ActiveCfg = Release|Any CPU
		{4526189B-1C74-4D71-B08D-3F5009E916DF}.Release|x86.Build.0 = Release|Any CPU
		{F05C2E52-C00C-4CCC-9A00-0EC7680E1229}.Debug|Any CPU.ActiveCfg = Debug|Any CPU
		{F05C2E52-C00C-4CCC-9A00-0EC7680E1229}.Debug|Any CPU.Build.0 = Debug|Any CPU
		{F05C2E52-C00C-4CCC-9A00-0EC7680E1229}.Debug|x64.ActiveCfg = Debug|Any CPU
		{F05C2E52-C00C-4CCC-9A00-0EC7680E1229}.Debug|x64.Build.0 = Debug|Any CPU
		{F05C2E52-C00C-4CCC-9A00-0EC7680E1229}.Debug|x86.ActiveCfg = Debug|Any CPU
		{F05C2E52-C00C-4CCC-9A00-0EC7680E1229}.Debug|x86.Build.0 = Debug|Any CPU
		{F05C2E52-C00C-4CCC-9A00-0EC7680E1229}.Release|Any CPU.ActiveCfg = Release|Any CPU
		{F05C2E52-C00C-4CCC-9A00-0EC7680E1229}.Release|Any CPU.Build.0 = Release|Any CPU
		{F05C2E52-C00C-4CCC-9A00-0EC7680E1229}.Release|x64.ActiveCfg = Release|Any CPU
		{F05C2E52-C00C-4CCC-9A00-0EC7680E1229}.Release|x64.Build.0 = Release|Any CPU
		{F05C2E52-C00C-4CCC-9A00-0EC7680E1229}.Release|x86.ActiveCfg = Release|Any CPU
		{F05C2E52-C00C-4CCC-9A00-0EC7680E1229}.Release|x86.Build.0 = Release|Any CPU
		{0135F703-7806-4758-963F-9049762BF98E}.Debug|Any CPU.ActiveCfg = Debug|Any CPU
		{0135F703-7806-4758-963F-9049762BF98E}.Debug|Any CPU.Build.0 = Debug|Any CPU
		{0135F703-7806-4758-963F-9049762BF98E}.Debug|x64.ActiveCfg = Debug|Any CPU
		{0135F703-7806-4758-963F-9049762BF98E}.Debug|x64.Build.0 = Debug|Any CPU
		{0135F703-7806-4758-963F-9049762BF98E}.Debug|x86.ActiveCfg = Debug|Any CPU
		{0135F703-7806-4758-963F-9049762BF98E}.Debug|x86.Build.0 = Debug|Any CPU
		{0135F703-7806-4758-963F-9049762BF98E}.Release|Any CPU.ActiveCfg = Release|Any CPU
		{0135F703-7806-4758-963F-9049762BF98E}.Release|Any CPU.Build.0 = Release|Any CPU
		{0135F703-7806-4758-963F-9049762BF98E}.Release|x64.ActiveCfg = Release|Any CPU
		{0135F703-7806-4758-963F-9049762BF98E}.Release|x64.Build.0 = Release|Any CPU
		{0135F703-7806-4758-963F-9049762BF98E}.Release|x86.ActiveCfg = Release|Any CPU
		{0135F703-7806-4758-963F-9049762BF98E}.Release|x86.Build.0 = Release|Any CPU
		{702BC38C-050A-4F61-BF75-7F3B941BAFBF}.Debug|Any CPU.ActiveCfg = Debug|Any CPU
		{702BC38C-050A-4F61-BF75-7F3B941BAFBF}.Debug|Any CPU.Build.0 = Debug|Any CPU
		{702BC38C-050A-4F61-BF75-7F3B941BAFBF}.Debug|x64.ActiveCfg = Debug|Any CPU
		{702BC38C-050A-4F61-BF75-7F3B941BAFBF}.Debug|x64.Build.0 = Debug|Any CPU
		{702BC38C-050A-4F61-BF75-7F3B941BAFBF}.Debug|x86.ActiveCfg = Debug|Any CPU
		{702BC38C-050A-4F61-BF75-7F3B941BAFBF}.Debug|x86.Build.0 = Debug|Any CPU
		{702BC38C-050A-4F61-BF75-7F3B941BAFBF}.Release|Any CPU.ActiveCfg = Release|Any CPU
		{702BC38C-050A-4F61-BF75-7F3B941BAFBF}.Release|Any CPU.Build.0 = Release|Any CPU
		{702BC38C-050A-4F61-BF75-7F3B941BAFBF}.Release|x64.ActiveCfg = Release|Any CPU
		{702BC38C-050A-4F61-BF75-7F3B941BAFBF}.Release|x64.Build.0 = Release|Any CPU
		{702BC38C-050A-4F61-BF75-7F3B941BAFBF}.Release|x86.ActiveCfg = Release|Any CPU
		{702BC38C-050A-4F61-BF75-7F3B941BAFBF}.Release|x86.Build.0 = Release|Any CPU
		{7A408923-DE10-4A79-85AE-C54BC464C049}.Debug|Any CPU.ActiveCfg = Debug|Any CPU
		{7A408923-DE10-4A79-85AE-C54BC464C049}.Debug|Any CPU.Build.0 = Debug|Any CPU
		{7A408923-DE10-4A79-85AE-C54BC464C049}.Debug|x64.ActiveCfg = Debug|Any CPU
		{7A408923-DE10-4A79-85AE-C54BC464C049}.Debug|x64.Build.0 = Debug|Any CPU
		{7A408923-DE10-4A79-85AE-C54BC464C049}.Debug|x86.ActiveCfg = Debug|Any CPU
		{7A408923-DE10-4A79-85AE-C54BC464C049}.Debug|x86.Build.0 = Debug|Any CPU
		{7A408923-DE10-4A79-85AE-C54BC464C049}.Release|Any CPU.ActiveCfg = Release|Any CPU
		{7A408923-DE10-4A79-85AE-C54BC464C049}.Release|Any CPU.Build.0 = Release|Any CPU
		{7A408923-DE10-4A79-85AE-C54BC464C049}.Release|x64.ActiveCfg = Release|Any CPU
		{7A408923-DE10-4A79-85AE-C54BC464C049}.Release|x64.Build.0 = Release|Any CPU
		{7A408923-DE10-4A79-85AE-C54BC464C049}.Release|x86.ActiveCfg = Release|Any CPU
		{7A408923-DE10-4A79-85AE-C54BC464C049}.Release|x86.Build.0 = Release|Any CPU
		{89B7E0AF-A161-48C1-A145-6C9E80A8B898}.Debug|Any CPU.ActiveCfg = Debug|Any CPU
		{89B7E0AF-A161-48C1-A145-6C9E80A8B898}.Debug|Any CPU.Build.0 = Debug|Any CPU
		{89B7E0AF-A161-48C1-A145-6C9E80A8B898}.Debug|x64.ActiveCfg = Debug|Any CPU
		{89B7E0AF-A161-48C1-A145-6C9E80A8B898}.Debug|x64.Build.0 = Debug|Any CPU
		{89B7E0AF-A161-48C1-A145-6C9E80A8B898}.Debug|x86.ActiveCfg = Debug|Any CPU
		{89B7E0AF-A161-48C1-A145-6C9E80A8B898}.Debug|x86.Build.0 = Debug|Any CPU
		{89B7E0AF-A161-48C1-A145-6C9E80A8B898}.Release|Any CPU.ActiveCfg = Release|Any CPU
		{89B7E0AF-A161-48C1-A145-6C9E80A8B898}.Release|Any CPU.Build.0 = Release|Any CPU
		{89B7E0AF-A161-48C1-A145-6C9E80A8B898}.Release|x64.ActiveCfg = Release|Any CPU
		{89B7E0AF-A161-48C1-A145-6C9E80A8B898}.Release|x64.Build.0 = Release|Any CPU
		{89B7E0AF-A161-48C1-A145-6C9E80A8B898}.Release|x86.ActiveCfg = Release|Any CPU
		{89B7E0AF-A161-48C1-A145-6C9E80A8B898}.Release|x86.Build.0 = Release|Any CPU
		{373A6970-8262-474B-A3D4-1381F6AE2638}.Debug|Any CPU.ActiveCfg = Debug|Any CPU
		{373A6970-8262-474B-A3D4-1381F6AE2638}.Debug|Any CPU.Build.0 = Debug|Any CPU
		{373A6970-8262-474B-A3D4-1381F6AE2638}.Debug|x64.ActiveCfg = Debug|Any CPU
		{373A6970-8262-474B-A3D4-1381F6AE2638}.Debug|x64.Build.0 = Debug|Any CPU
		{373A6970-8262-474B-A3D4-1381F6AE2638}.Debug|x86.ActiveCfg = Debug|Any CPU
		{373A6970-8262-474B-A3D4-1381F6AE2638}.Debug|x86.Build.0 = Debug|Any CPU
		{373A6970-8262-474B-A3D4-1381F6AE2638}.Release|Any CPU.ActiveCfg = Release|Any CPU
		{373A6970-8262-474B-A3D4-1381F6AE2638}.Release|Any CPU.Build.0 = Release|Any CPU
		{373A6970-8262-474B-A3D4-1381F6AE2638}.Release|x64.ActiveCfg = Release|Any CPU
		{373A6970-8262-474B-A3D4-1381F6AE2638}.Release|x64.Build.0 = Release|Any CPU
		{373A6970-8262-474B-A3D4-1381F6AE2638}.Release|x86.ActiveCfg = Release|Any CPU
		{373A6970-8262-474B-A3D4-1381F6AE2638}.Release|x86.Build.0 = Release|Any CPU
		{71CADA50-DD16-41F3-9C21-503B0CB4D30F}.Debug|Any CPU.ActiveCfg = Debug|Any CPU
		{71CADA50-DD16-41F3-9C21-503B0CB4D30F}.Debug|Any CPU.Build.0 = Debug|Any CPU
		{71CADA50-DD16-41F3-9C21-503B0CB4D30F}.Debug|x64.ActiveCfg = Debug|Any CPU
		{71CADA50-DD16-41F3-9C21-503B0CB4D30F}.Debug|x64.Build.0 = Debug|Any CPU
		{71CADA50-DD16-41F3-9C21-503B0CB4D30F}.Debug|x86.ActiveCfg = Debug|Any CPU
		{71CADA50-DD16-41F3-9C21-503B0CB4D30F}.Debug|x86.Build.0 = Debug|Any CPU
		{71CADA50-DD16-41F3-9C21-503B0CB4D30F}.Release|Any CPU.ActiveCfg = Release|Any CPU
		{71CADA50-DD16-41F3-9C21-503B0CB4D30F}.Release|Any CPU.Build.0 = Release|Any CPU
		{71CADA50-DD16-41F3-9C21-503B0CB4D30F}.Release|x64.ActiveCfg = Release|Any CPU
		{71CADA50-DD16-41F3-9C21-503B0CB4D30F}.Release|x64.Build.0 = Release|Any CPU
		{71CADA50-DD16-41F3-9C21-503B0CB4D30F}.Release|x86.ActiveCfg = Release|Any CPU
		{71CADA50-DD16-41F3-9C21-503B0CB4D30F}.Release|x86.Build.0 = Release|Any CPU
		{FF08A22C-8029-4216-88E5-AB7241DCE146}.Debug|Any CPU.ActiveCfg = Debug|Any CPU
		{FF08A22C-8029-4216-88E5-AB7241DCE146}.Debug|Any CPU.Build.0 = Debug|Any CPU
		{FF08A22C-8029-4216-88E5-AB7241DCE146}.Debug|x64.ActiveCfg = Debug|Any CPU
		{FF08A22C-8029-4216-88E5-AB7241DCE146}.Debug|x64.Build.0 = Debug|Any CPU
		{FF08A22C-8029-4216-88E5-AB7241DCE146}.Debug|x86.ActiveCfg = Debug|Any CPU
		{FF08A22C-8029-4216-88E5-AB7241DCE146}.Debug|x86.Build.0 = Debug|Any CPU
		{FF08A22C-8029-4216-88E5-AB7241DCE146}.Release|Any CPU.ActiveCfg = Release|Any CPU
		{FF08A22C-8029-4216-88E5-AB7241DCE146}.Release|Any CPU.Build.0 = Release|Any CPU
		{FF08A22C-8029-4216-88E5-AB7241DCE146}.Release|x64.ActiveCfg = Release|Any CPU
		{FF08A22C-8029-4216-88E5-AB7241DCE146}.Release|x64.Build.0 = Release|Any CPU
		{FF08A22C-8029-4216-88E5-AB7241DCE146}.Release|x86.ActiveCfg = Release|Any CPU
		{FF08A22C-8029-4216-88E5-AB7241DCE146}.Release|x86.Build.0 = Release|Any CPU
		{9045B401-5225-4B86-B56A-939F0939A2AA}.Debug|Any CPU.ActiveCfg = Debug|Any CPU
		{9045B401-5225-4B86-B56A-939F0939A2AA}.Debug|Any CPU.Build.0 = Debug|Any CPU
		{9045B401-5225-4B86-B56A-939F0939A2AA}.Debug|x64.ActiveCfg = Debug|Any CPU
		{9045B401-5225-4B86-B56A-939F0939A2AA}.Debug|x64.Build.0 = Debug|Any CPU
		{9045B401-5225-4B86-B56A-939F0939A2AA}.Debug|x86.ActiveCfg = Debug|Any CPU
		{9045B401-5225-4B86-B56A-939F0939A2AA}.Debug|x86.Build.0 = Debug|Any CPU
		{9045B401-5225-4B86-B56A-939F0939A2AA}.Release|Any CPU.ActiveCfg = Release|Any CPU
		{9045B401-5225-4B86-B56A-939F0939A2AA}.Release|Any CPU.Build.0 = Release|Any CPU
		{9045B401-5225-4B86-B56A-939F0939A2AA}.Release|x64.ActiveCfg = Release|Any CPU
		{9045B401-5225-4B86-B56A-939F0939A2AA}.Release|x64.Build.0 = Release|Any CPU
		{9045B401-5225-4B86-B56A-939F0939A2AA}.Release|x86.ActiveCfg = Release|Any CPU
		{9045B401-5225-4B86-B56A-939F0939A2AA}.Release|x86.Build.0 = Release|Any CPU
	EndGlobalSection
	GlobalSection(SolutionProperties) = preSolution
		HideSolutionNode = FALSE
	EndGlobalSection
	GlobalSection(NestedProjects) = preSolution
		{7095B12B-7FF2-4B6B-8C6C-654197EDAA34} = {4F0F9D55-70EF-4F8C-B067-44A10A13A130}
		{01C93A6B-76C5-4B10-B8B9-2F173B5F9441} = {4F0F9D55-70EF-4F8C-B067-44A10A13A130}
		{544FE3EA-46F2-45F7-9574-D4FEA111A9C1} = {4F0F9D55-70EF-4F8C-B067-44A10A13A130}
		{62858A89-DA3C-4658-8219-580780D435C9} = {4F0F9D55-70EF-4F8C-B067-44A10A13A130}
		{3CD25499-8291-48BB-9A24-D99BC1675A0D} = {4F0F9D55-70EF-4F8C-B067-44A10A13A130}
		{A19615AA-CF43-4D39-B81B-184C1ABE532D} = {22448EFB-1FA3-467B-8FE6-8AB34489F16A}
		{0F54A15B-C6AC-4368-A229-3A95162B350D} = {22448EFB-1FA3-467B-8FE6-8AB34489F16A}
		{4EC8CC24-5C5F-4C8F-AAB7-F28DF4301B32} = {22448EFB-1FA3-467B-8FE6-8AB34489F16A}
		{4526189B-1C74-4D71-B08D-3F5009E916DF} = {22448EFB-1FA3-467B-8FE6-8AB34489F16A}
		{F05C2E52-C00C-4CCC-9A00-0EC7680E1229} = {22448EFB-1FA3-467B-8FE6-8AB34489F16A}
		{0135F703-7806-4758-963F-9049762BF98E} = {22448EFB-1FA3-467B-8FE6-8AB34489F16A}
		{702BC38C-050A-4F61-BF75-7F3B941BAFBF} = {22448EFB-1FA3-467B-8FE6-8AB34489F16A}
		{7A408923-DE10-4A79-85AE-C54BC464C049} = {22448EFB-1FA3-467B-8FE6-8AB34489F16A}
		{89B7E0AF-A161-48C1-A145-6C9E80A8B898} = {97ADBEE7-759B-4372-95B9-89C7C1DFA5CD}
		{373A6970-8262-474B-A3D4-1381F6AE2638} = {97ADBEE7-759B-4372-95B9-89C7C1DFA5CD}
		{71CADA50-DD16-41F3-9C21-503B0CB4D30F} = {97ADBEE7-759B-4372-95B9-89C7C1DFA5CD}
		{FF08A22C-8029-4216-88E5-AB7241DCE146} = {97ADBEE7-759B-4372-95B9-89C7C1DFA5CD}
		{9045B401-5225-4B86-B56A-939F0939A2AA} = {97ADBEE7-759B-4372-95B9-89C7C1DFA5CD}
	EndGlobalSection
	GlobalSection(ExtensibilityGlobals) = postSolution
		SolutionGuid = {EB246828-8BE8-4098-ABD2-79F76E68161F}
	EndGlobalSection
EndGlobal
